
Microsoft Visual Studio Solution File, Format Version 12.00
# Visual Studio 15
VisualStudioVersion = 15.0.27428.2015
MinimumVisualStudioVersion = 10.0.40219.1
Project("{FAE04EC0-301F-11D3-BF4B-00C04F79EFBC}") = "WindowsFormsApp3", "WindowsFormsApp3\WindowsFormsApp3.csproj", "{618CBA96-0406-4212-BD53-29546572722D}"
EndProject
Global
	GlobalSection(SolutionConfigurationPlatforms) = preSolution
		Debug|Any CPU = Debug|Any CPU
		Release|Any CPU = Release|Any CPU
	EndGlobalSection
	GlobalSection(ProjectConfigurationPlatforms) = postSolution
		{618CBA96-0406-4212-BD53-29546572722D}.Debug|Any CPU.ActiveCfg = Debug|Any CPU
		{618CBA96-0406-4212-BD53-29546572722D}.Debug|Any CPU.Build.0 = Debug|Any CPU
		{618CBA96-0406-4212-BD53-29546572722D}.Release|Any CPU.ActiveCfg = Release|Any CPU
		{618CBA96-0406-4212-BD53-29546572722D}.Release|Any CPU.Build.0 = Release|Any CPU
	EndGlobalSection
	GlobalSection(SolutionProperties) = preSolution
		HideSolutionNode = FALSE
	EndGlobalSection
	GlobalSection(ExtensibilityGlobals) = postSolution
		SolutionGuid = {4F59F311-DAE7-4024-870A-CAF97DE3B114}
	EndGlobalSection
EndGlobal
